
Microsoft Visual Studio Solution File, Format Version 12.00
# Visual Studio 2012
Project("{FAE04EC0-301F-11D3-BF4B-00C04F79EFBC}") = "Gestion de vuelto", "Gestion de vuelto\Gestion de vuelto.csproj", "{04B24E70-67C6-4041-8F20-0EC51C0F55DB}"
EndProject
Global
	GlobalSection(SolutionConfigurationPlatforms) = preSolution
		Debug|Any CPU = Debug|Any CPU
		Release|Any CPU = Release|Any CPU
	EndGlobalSection
	GlobalSection(ProjectConfigurationPlatforms) = postSolution
		{04B24E70-67C6-4041-8F20-0EC51C0F55DB}.Debug|Any CPU.ActiveCfg = Debug|Any CPU
		{04B24E70-67C6-4041-8F20-0EC51C0F55DB}.Debug|Any CPU.Build.0 = Debug|Any CPU
		{04B24E70-67C6-4041-8F20-0EC51C0F55DB}.Release|Any CPU.ActiveCfg = Release|Any CPU
		{04B24E70-67C6-4041-8F20-0EC51C0F55DB}.Release|Any CPU.Build.0 = Release|Any CPU
	EndGlobalSection
	GlobalSection(SolutionProperties) = preSolution
		HideSolutionNode = FALSE
	EndGlobalSection
EndGlobal
